<?xml version="1.0" encoding="utf-8"?>
<Project ToolsVersion="4.0" xmlns="http://schemas.microsoft.com/developer/msbuild/2003">
  <ItemGroup>
    <Filter Include="Source Files">
      <UniqueIdentifier>{4FC737F1-C7A5-4376-A066-2A32D752A2FF}</UniqueIdentifier>
      <Extensions>cpp;c;cc;cxx;def;odl;idl;hpj;bat;asm;asmx</Extensions>
    </Filter>
    <Filter Include="Header Files">
      <UniqueIdentifier>{93995380-89BD-4b04-88EB-625FBE52EBFB}</UniqueIdentifier>
      <Extensions>h;hh;hpp;hxx;hm;inl;inc;ipp;xsd</Extensions>
    </Filter>
    <Filter Include="Resource Files">
      <UniqueIdentifier>{67DA6AB6-F800-4c08-8B7A-83BB121AAD01}</UniqueIdentifier>
      <Extensions>rc;ico;cur;bmp;dlg;rc2;rct;bin;rgs;gif;jpg;jpeg;jpe;resx;tiff;tif;png;wav;mfcribbon-ms</Extensions>
    </Filter>
    <Filter Include="Header Files\gen">
      <UniqueIdentifier>{f0eb4c71-471a-44f5-9049-fb587961a515}</UniqueIdentifier>
    </Filter>
  </ItemGroup>
  <ItemGroup>
    <ClInclude Include="SidebandPayload.h">
      <Filter>Header Files</Filter>
    </ClInclude>
    <ClInclude Include="SidebandPayloadEncoder.h">
      <Filter>Header Files</Filter>
    </ClInclude>
    <ClInclude Include="SidebandPayloadConfig.h">
      <Filter>Header Files</Filter>
    </ClInclude>
    <ClInclude Include="ClimateControlPayloadConfig.h">
      <Filter>Header Files</Filter>
    </ClInclude>
    <ClInclude Include="ClimateControlPackageHandler.h">
      <Filter>Header Files</Filter>
    </ClInclude>
    <ClInclude Include="BigDataServiceGlobal.h">
      <Filter>Header Files</Filter>
    </ClInclude>
    <ClInclude Include="BigDataServiceConfig.h">
      <Filter>Header Files</Filter>
    </ClInclude>
    <ClInclude Include="BigDataServicePackageHandler.h">
      <Filter>Header Files</Filter>
    </ClInclude>
    <ClInclude Include="IPackageTransceiver.h">
      <Filter>Header Files</Filter>
    </ClInclude>
    <ClInclude Include="PackageTransceiver.h">
      <Filter>Header Files</Filter>
    </ClInclude>
    <ClInclude Include="BigDataServiceConfigManager.h">
      <Filter>Header Files</Filter>
    </ClInclude>
    <ClInclude Include="ClimateControlPackageHandlerEx.h">
      <Filter>Header Files</Filter>
    </ClInclude>
    <ClInclude Include="gen\gen_ClimateControlPackageHandler_collectPort.h">
      <Filter>Header Files\gen</Filter>
    </ClInclude>
    <ClInclude Include="gen\gen_ClimateControlPayloadConfig_doInitailization.h">
      <Filter>Header Files\gen</Filter>
    </ClInclude>
    <ClInclude Include="gen\gen_ClimateControlPayloadConfig_enum.h">
      <Filter>Header Files\gen</Filter>
    </ClInclude>
  </ItemGroup>
  <ItemGroup>
    <ClCompile Include="BigDataServiceConfig.cc">
      <Filter>Source Files</Filter>
    </ClCompile>
    <ClCompile Include="BigDataServiceGlobal.cc">
      <Filter>Source Files</Filter>
    </ClCompile>
    <ClCompile Include="BigDataServicePackageHandler.cc">
      <Filter>Source Files</Filter>
    </ClCompile>
    <ClCompile Include="ClimateControlPackageHandler.cc">
      <Filter>Source Files</Filter>
    </ClCompile>
    <ClCompile Include="ClimateControlPayloadConfig.cc">
      <Filter>Source Files</Filter>
    </ClCompile>
    <ClCompile Include="main.cc">
      <Filter>Source Files</Filter>
    </ClCompile>
    <ClCompile Include="SidebandPayload.cc">
      <Filter>Source Files</Filter>
    </ClCompile>
    <ClCompile Include="SidebandPayloadConfig.cc">
      <Filter>Source Files</Filter>
    </ClCompile>
    <ClCompile Include="SidebandPayloadEncoder.cc">
      <Filter>Source Files</Filter>
    </ClCompile>
    <ClCompile Include="IPackageTransceiver.cc">
      <Filter>Source Files</Filter>
    </ClCompile>
    <ClCompile Include="PackageTransceiver.cc">
      <Filter>Source Files</Filter>
    </ClCompile>
    <ClCompile Include="ClimateControlPackageHandlerEx.cc">
      <Filter>Source Files</Filter>
    </ClCompile>
    <ClCompile Include="BigDataServiceConfigManager.cc">
      <Filter>Source Files</Filter>
    </ClCompile>
  </ItemGroup>
</Project>